
Microsoft Visual Studio Solution File, Format Version 12.00
# Visual Studio 2012
Project("{FAE04EC0-301F-11D3-BF4B-00C04F79EFBC}") = "Undertaker", "Undertaker\Undertaker.csproj", "{58C3C30E-378D-49CB-84BD-1BD574CB7529}"
EndProject
Global
	GlobalSection(SolutionConfigurationPlatforms) = preSolution
		Debug|Any CPU = Debug|Any CPU
		Release|Any CPU = Release|Any CPU
	EndGlobalSection
	GlobalSection(ProjectConfigurationPlatforms) = postSolution
		{58C3C30E-378D-49CB-84BD-1BD574CB7529}.Debug|Any CPU.ActiveCfg = Debug|Any CPU
		{58C3C30E-378D-49CB-84BD-1BD574CB7529}.Debug|Any CPU.Build.0 = Debug|Any CPU
		{58C3C30E-378D-49CB-84BD-1BD574CB7529}.Release|Any CPU.ActiveCfg = Release|Any CPU
		{58C3C30E-378D-49CB-84BD-1BD574CB7529}.Release|Any CPU.Build.0 = Release|Any CPU
	EndGlobalSection
	GlobalSection(SolutionProperties) = preSolution
		HideSolutionNode = FALSE
	EndGlobalSection
EndGlobal
